
Microsoft Visual Studio Solution File, Format Version 12.00
Project("{FAE04EC0-301F-11D3-BF4B-00C04F79EFBC}") = "McpServerFdc", "McpServerFdc\McpServerFdc.csproj", "{D47D9279-9A80-44FD-8856-13182D204856}"
EndProject
Global
	GlobalSection(SolutionConfigurationPlatforms) = preSolution
		Debug|Any CPU = Debug|Any CPU
		Release|Any CPU = Release|Any CPU
	EndGlobalSection
	GlobalSection(ProjectConfigurationPlatforms) = postSolution
		{D47D9279-9A80-44FD-8856-13182D204856}.Debug|Any CPU.ActiveCfg = Debug|Any CPU
		{D47D9279-9A80-44FD-8856-13182D204856}.Debug|Any CPU.Build.0 = Debug|Any CPU
		{D47D9279-9A80-44FD-8856-13182D204856}.Release|Any CPU.ActiveCfg = Release|Any CPU
		{D47D9279-9A80-44FD-8856-13182D204856}.Release|Any CPU.Build.0 = Release|Any CPU
	EndGlobalSection
EndGlobal
